{
  "version": 4,
  "terraform_version": "1.5.4",
  "serial": 27,
  "lineage": "32d15954-448f-4d17-11ae-a99d4ca8e7d6",
  "outputs": {},
  "resources": [
    {
      "mode": "managed",
      "type": "azurerm_availability_set",
      "name": "app_set",
      "provider": "provider[\"registry.terraform.io/hashicorp/azurerm\"]",
      "instances": [
        {
          "schema_version": 0,
          "attributes": {
            "id": "/subscriptions/9ca13539-bff8-42c2-bad9-106ee8827ff4/resourceGroups/enbv/providers/Microsoft.Compute/availabilitySets/app-set_enbv",
            "location": "northeurope",
            "managed": true,
            "name": "app-set_enbv",
            "platform_fault_domain_count": 3,
            "platform_update_domain_count": 3,
            "proximity_placement_group_id": null,
            "resource_group_name": "enbv",
            "tags": {},
            "timeouts": null
          },
          "sensitive_attributes": [],
          "private": "eyJlMmJmYjczMC1lY2FhLTExZTYtOGY4OC0zNDM2M2JjN2M0YzAiOnsiY3JlYXRlIjoxODAwMDAwMDAwMDAwLCJkZWxldGUiOjE4MDAwMDAwMDAwMDAsInJlYWQiOjMwMDAwMDAwMDAwMCwidXBkYXRlIjoxODAwMDAwMDAwMDAwfX0=",
          "dependencies": [
            "azurerm_resource_group.app_grp"
          ]
        }
      ]
    },
    {
      "mode": "managed",
      "type": "azurerm_lb",
      "name": "app_balancer",
      "provider": "provider[\"registry.terraform.io/hashicorp/azurerm\"]",
      "instances": [
        {
          "schema_version": 0,
          "attributes": {
            "frontend_ip_configuration": [
              {
                "availability_zone": "No-Zone",
                "gateway_load_balancer_frontend_ip_configuration_id": "",
                "id": "/subscriptions/9ca13539-bff8-42c2-bad9-106ee8827ff4/resourceGroups/enbv/providers/Microsoft.Network/loadBalancers/app-balancer_enbv/frontendIPConfigurations/frontend-ip",
                "inbound_nat_rules": [],
                "load_balancer_rules": [
                  "/subscriptions/9ca13539-bff8-42c2-bad9-106ee8827ff4/resourceGroups/enbv/providers/Microsoft.Network/loadBalancers/app-balancer_enbv/loadBalancingRules/RuleA_enbv"
                ],
                "name": "frontend-ip",
                "outbound_rules": [],
                "private_ip_address": "",
                "private_ip_address_allocation": "Dynamic",
                "private_ip_address_version": "",
                "public_ip_address_id": "/subscriptions/9ca13539-bff8-42c2-bad9-106ee8827ff4/resourceGroups/enbv/providers/Microsoft.Network/publicIPAddresses/load-ip",
                "public_ip_prefix_id": "",
                "subnet_id": "",
                "zones": []
              }
            ],
            "id": "/subscriptions/9ca13539-bff8-42c2-bad9-106ee8827ff4/resourceGroups/enbv/providers/Microsoft.Network/loadBalancers/app-balancer_enbv",
            "location": "northeurope",
            "name": "app-balancer_enbv",
            "private_ip_address": "",
            "private_ip_addresses": [],
            "resource_group_name": "enbv",
            "sku": "Standard",
            "sku_tier": "Regional",
            "tags": {},
            "timeouts": null
          },
          "sensitive_attributes": [],
          "private": "eyJlMmJmYjczMC1lY2FhLTExZTYtOGY4OC0zNDM2M2JjN2M0YzAiOnsiY3JlYXRlIjoxODAwMDAwMDAwMDAwLCJkZWxldGUiOjE4MDAwMDAwMDAwMDAsInJlYWQiOjMwMDAwMDAwMDAwMCwidXBkYXRlIjoxODAwMDAwMDAwMDAwfX0=",
          "dependencies": [
            "azurerm_public_ip.load_ip",
            "azurerm_resource_group.app_grp"
          ]
        }
      ]
    },
    {
      "mode": "managed",
      "type": "azurerm_lb_backend_address_pool",
      "name": "PoolA",
      "provider": "provider[\"registry.terraform.io/hashicorp/azurerm\"]",
      "instances": [
        {
          "schema_version": 0,
          "attributes": {
            "backend_address": [],
            "backend_ip_configurations": [],
            "id": "/subscriptions/9ca13539-bff8-42c2-bad9-106ee8827ff4/resourceGroups/enbv/providers/Microsoft.Network/loadBalancers/app-balancer_enbv/backendAddressPools/PoolA_enbv",
            "load_balancing_rules": [
              "/subscriptions/9ca13539-bff8-42c2-bad9-106ee8827ff4/resourceGroups/enbv/providers/Microsoft.Network/loadBalancers/app-balancer_enbv/loadBalancingRules/RuleA_enbv"
            ],
            "loadbalancer_id": "/subscriptions/9ca13539-bff8-42c2-bad9-106ee8827ff4/resourceGroups/enbv/providers/Microsoft.Network/loadBalancers/app-balancer_enbv",
            "name": "PoolA_enbv",
            "outbound_rules": [],
            "resource_group_name": "enbv",
            "timeouts": null,
            "tunnel_interface": []
          },
          "sensitive_attributes": [],
          "private": "eyJlMmJmYjczMC1lY2FhLTExZTYtOGY4OC0zNDM2M2JjN2M0YzAiOnsiY3JlYXRlIjoxODAwMDAwMDAwMDAwLCJkZWxldGUiOjE4MDAwMDAwMDAwMDAsInJlYWQiOjMwMDAwMDAwMDAwMCwidXBkYXRlIjoxODAwMDAwMDAwMDAwfX0=",
          "dependencies": [
            "azurerm_lb.app_balancer",
            "azurerm_public_ip.load_ip",
            "azurerm_resource_group.app_grp"
          ]
        }
      ]
    },
    {
      "mode": "managed",
      "type": "azurerm_lb_backend_address_pool_address",
      "name": "appvm1_address",
      "provider": "provider[\"registry.terraform.io/hashicorp/azurerm\"]",
      "instances": [
        {
          "schema_version": 0,
          "attributes": {
            "backend_address_pool_id": "/subscriptions/9ca13539-bff8-42c2-bad9-106ee8827ff4/resourceGroups/enbv/providers/Microsoft.Network/loadBalancers/app-balancer_enbv/backendAddressPools/PoolA_enbv",
            "id": "/subscriptions/9ca13539-bff8-42c2-bad9-106ee8827ff4/resourceGroups/enbv/providers/Microsoft.Network/loadBalancers/app-balancer_enbv/backendAddressPools/PoolA_enbv/addresses/appvm1_enbv",
            "ip_address": "10.0.1.5",
            "name": "appvm1_enbv",
            "timeouts": null,
            "virtual_network_id": "/subscriptions/9ca13539-bff8-42c2-bad9-106ee8827ff4/resourceGroups/enbv/providers/Microsoft.Network/virtualNetworks/app_network_enbv"
          },
          "sensitive_attributes": [],
          "private": "eyJlMmJmYjczMC1lY2FhLTExZTYtOGY4OC0zNDM2M2JjN2M0YzAiOnsiY3JlYXRlIjoxODAwMDAwMDAwMDAwLCJkZWxldGUiOjE4MDAwMDAwMDAwMDAsInJlYWQiOjMwMDAwMDAwMDAwMCwidXBkYXRlIjoxODAwMDAwMDAwMDAwfX0=",
          "dependencies": [
            "azurerm_lb.app_balancer",
            "azurerm_lb_backend_address_pool.PoolA",
            "azurerm_network_interface.app_interface1",
            "azurerm_public_ip.load_ip",
            "azurerm_resource_group.app_grp",
            "azurerm_subnet.SubnetA",
            "azurerm_virtual_network.app_network"
          ]
        }
      ]
    },
    {
      "mode": "managed",
      "type": "azurerm_lb_backend_address_pool_address",
      "name": "appvm2_address",
      "provider": "provider[\"registry.terraform.io/hashicorp/azurerm\"]",
      "instances": [
        {
          "schema_version": 0,
          "attributes": {
            "backend_address_pool_id": "/subscriptions/9ca13539-bff8-42c2-bad9-106ee8827ff4/resourceGroups/enbv/providers/Microsoft.Network/loadBalancers/app-balancer_enbv/backendAddressPools/PoolA_enbv",
            "id": "/subscriptions/9ca13539-bff8-42c2-bad9-106ee8827ff4/resourceGroups/enbv/providers/Microsoft.Network/loadBalancers/app-balancer_enbv/backendAddressPools/PoolA_enbv/addresses/appvm2_enbv",
            "ip_address": "10.0.1.4",
            "name": "appvm2_enbv",
            "timeouts": null,
            "virtual_network_id": "/subscriptions/9ca13539-bff8-42c2-bad9-106ee8827ff4/resourceGroups/enbv/providers/Microsoft.Network/virtualNetworks/app_network_enbv"
          },
          "sensitive_attributes": [],
          "private": "eyJlMmJmYjczMC1lY2FhLTExZTYtOGY4OC0zNDM2M2JjN2M0YzAiOnsiY3JlYXRlIjoxODAwMDAwMDAwMDAwLCJkZWxldGUiOjE4MDAwMDAwMDAwMDAsInJlYWQiOjMwMDAwMDAwMDAwMCwidXBkYXRlIjoxODAwMDAwMDAwMDAwfX0=",
          "dependencies": [
            "azurerm_lb.app_balancer",
            "azurerm_lb_backend_address_pool.PoolA",
            "azurerm_network_interface.app_interface2",
            "azurerm_public_ip.load_ip",
            "azurerm_resource_group.app_grp",
            "azurerm_subnet.SubnetA",
            "azurerm_virtual_network.app_network"
          ]
        }
      ]
    },
    {
      "mode": "managed",
      "type": "azurerm_lb_probe",
      "name": "ProbeA",
      "provider": "provider[\"registry.terraform.io/hashicorp/azurerm\"]",
      "instances": [
        {
          "schema_version": 0,
          "attributes": {
            "id": "/subscriptions/9ca13539-bff8-42c2-bad9-106ee8827ff4/resourceGroups/enbv/providers/Microsoft.Network/loadBalancers/app-balancer_enbv/probes/probeA_enbv",
            "interval_in_seconds": 15,
            "load_balancer_rules": [],
            "loadbalancer_id": "/subscriptions/9ca13539-bff8-42c2-bad9-106ee8827ff4/resourceGroups/enbv/providers/Microsoft.Network/loadBalancers/app-balancer_enbv",
            "name": "probeA_enbv",
            "number_of_probes": 2,
            "port": 80,
            "protocol": "Tcp",
            "request_path": "",
            "resource_group_name": "enbv",
            "timeouts": null
          },
          "sensitive_attributes": [],
          "private": "eyJlMmJmYjczMC1lY2FhLTExZTYtOGY4OC0zNDM2M2JjN2M0YzAiOnsiY3JlYXRlIjoxODAwMDAwMDAwMDAwLCJkZWxldGUiOjE4MDAwMDAwMDAwMDAsInJlYWQiOjMwMDAwMDAwMDAwMCwidXBkYXRlIjoxODAwMDAwMDAwMDAwfX0=",
          "dependencies": [
            "azurerm_lb.app_balancer",
            "azurerm_public_ip.load_ip",
            "azurerm_resource_group.app_grp"
          ]
        }
      ]
    },
    {
      "mode": "managed",
      "type": "azurerm_lb_rule",
      "name": "RuleA",
      "provider": "provider[\"registry.terraform.io/hashicorp/azurerm\"]",
      "instances": [
        {
          "schema_version": 0,
          "attributes": {
            "backend_address_pool_id": "/subscriptions/9ca13539-bff8-42c2-bad9-106ee8827ff4/resourceGroups/enbv/providers/Microsoft.Network/loadBalancers/app-balancer_enbv/backendAddressPools/PoolA_enbv",
            "backend_address_pool_ids": [
              "/subscriptions/9ca13539-bff8-42c2-bad9-106ee8827ff4/resourceGroups/enbv/providers/Microsoft.Network/loadBalancers/app-balancer_enbv/backendAddressPools/PoolA_enbv"
            ],
            "backend_port": 80,
            "disable_outbound_snat": false,
            "enable_floating_ip": false,
            "enable_tcp_reset": false,
            "frontend_ip_configuration_id": "/subscriptions/9ca13539-bff8-42c2-bad9-106ee8827ff4/resourceGroups/enbv/providers/Microsoft.Network/loadBalancers/app-balancer_enbv/frontendIPConfigurations/frontend-ip",
            "frontend_ip_configuration_name": "frontend-ip",
            "frontend_port": 80,
            "id": "/subscriptions/9ca13539-bff8-42c2-bad9-106ee8827ff4/resourceGroups/enbv/providers/Microsoft.Network/loadBalancers/app-balancer_enbv/loadBalancingRules/RuleA_enbv",
            "idle_timeout_in_minutes": 4,
            "load_distribution": "Default",
            "loadbalancer_id": "/subscriptions/9ca13539-bff8-42c2-bad9-106ee8827ff4/resourceGroups/enbv/providers/Microsoft.Network/loadBalancers/app-balancer_enbv",
            "name": "RuleA_enbv",
            "probe_id": "",
            "protocol": "Tcp",
            "resource_group_name": "enbv",
            "timeouts": null
          },
          "sensitive_attributes": [],
          "private": "eyJlMmJmYjczMC1lY2FhLTExZTYtOGY4OC0zNDM2M2JjN2M0YzAiOnsiY3JlYXRlIjoxODAwMDAwMDAwMDAwLCJkZWxldGUiOjE4MDAwMDAwMDAwMDAsInJlYWQiOjMwMDAwMDAwMDAwMCwidXBkYXRlIjoxODAwMDAwMDAwMDAwfX0=",
          "dependencies": [
            "azurerm_lb.app_balancer",
            "azurerm_lb_backend_address_pool.PoolA",
            "azurerm_public_ip.load_ip",
            "azurerm_resource_group.app_grp"
          ]
        }
      ]
    },
    {
      "mode": "managed",
      "type": "azurerm_network_interface",
      "name": "app_interface1",
      "provider": "provider[\"registry.terraform.io/hashicorp/azurerm\"]",
      "instances": [
        {
          "schema_version": 0,
          "attributes": {
            "applied_dns_servers": [],
            "dns_servers": [],
            "enable_accelerated_networking": false,
            "enable_ip_forwarding": false,
            "id": "/subscriptions/9ca13539-bff8-42c2-bad9-106ee8827ff4/resourceGroups/enbv/providers/Microsoft.Network/networkInterfaces/app-interface1_enbv",
            "internal_dns_name_label": "",
            "internal_domain_name_suffix": "x3htmdkdukxenjl4kmjsxwhdtf.fx.internal.cloudapp.net",
            "ip_configuration": [
              {
                "gateway_load_balancer_frontend_ip_configuration_id": "",
                "name": "internal",
                "primary": true,
                "private_ip_address": "10.0.1.5",
                "private_ip_address_allocation": "Dynamic",
                "private_ip_address_version": "IPv4",
                "public_ip_address_id": "",
                "subnet_id": "/subscriptions/9ca13539-bff8-42c2-bad9-106ee8827ff4/resourceGroups/enbv/providers/Microsoft.Network/virtualNetworks/app_network_enbv/subnets/SubnetA_enbv"
              }
            ],
            "location": "northeurope",
            "mac_address": "00-0D-3A-65-7F-D1",
            "name": "app-interface1_enbv",
            "private_ip_address": "10.0.1.5",
            "private_ip_addresses": [
              "10.0.1.5"
            ],
            "resource_group_name": "enbv",
            "tags": {},
            "timeouts": null,
            "virtual_machine_id": "/subscriptions/9ca13539-bff8-42c2-bad9-106ee8827ff4/resourceGroups/enbv/providers/Microsoft.Compute/virtualMachines/appvm1enbv"
          },
          "sensitive_attributes": [],
          "private": "eyJlMmJmYjczMC1lY2FhLTExZTYtOGY4OC0zNDM2M2JjN2M0YzAiOnsiY3JlYXRlIjoxODAwMDAwMDAwMDAwLCJkZWxldGUiOjE4MDAwMDAwMDAwMDAsInJlYWQiOjMwMDAwMDAwMDAwMCwidXBkYXRlIjoxODAwMDAwMDAwMDAwfX0=",
          "dependencies": [
            "azurerm_resource_group.app_grp",
            "azurerm_subnet.SubnetA",
            "azurerm_virtual_network.app_network"
          ]
        }
      ]
    },
    {
      "mode": "managed",
      "type": "azurerm_network_interface",
      "name": "app_interface2",
      "provider": "provider[\"registry.terraform.io/hashicorp/azurerm\"]",
      "instances": [
        {
          "schema_version": 0,
          "attributes": {
            "applied_dns_servers": [],
            "dns_servers": [],
            "enable_accelerated_networking": false,
            "enable_ip_forwarding": false,
            "id": "/subscriptions/9ca13539-bff8-42c2-bad9-106ee8827ff4/resourceGroups/enbv/providers/Microsoft.Network/networkInterfaces/app-interface2_enbv",
            "internal_dns_name_label": "",
            "internal_domain_name_suffix": "x3htmdkdukxenjl4kmjsxwhdtf.fx.internal.cloudapp.net",
            "ip_configuration": [
              {
                "gateway_load_balancer_frontend_ip_configuration_id": "",
                "name": "internal",
                "primary": true,
                "private_ip_address": "10.0.1.4",
                "private_ip_address_allocation": "Dynamic",
                "private_ip_address_version": "IPv4",
                "public_ip_address_id": "",
                "subnet_id": "/subscriptions/9ca13539-bff8-42c2-bad9-106ee8827ff4/resourceGroups/enbv/providers/Microsoft.Network/virtualNetworks/app_network_enbv/subnets/SubnetA_enbv"
              }
            ],
            "location": "northeurope",
            "mac_address": "00-0D-3A-66-C5-82",
            "name": "app-interface2_enbv",
            "private_ip_address": "10.0.1.4",
            "private_ip_addresses": [
              "10.0.1.4"
            ],
            "resource_group_name": "enbv",
            "tags": {},
            "timeouts": null,
            "virtual_machine_id": "/subscriptions/9ca13539-bff8-42c2-bad9-106ee8827ff4/resourceGroups/enbv/providers/Microsoft.Compute/virtualMachines/appvm2enbv"
          },
          "sensitive_attributes": [],
          "private": "eyJlMmJmYjczMC1lY2FhLTExZTYtOGY4OC0zNDM2M2JjN2M0YzAiOnsiY3JlYXRlIjoxODAwMDAwMDAwMDAwLCJkZWxldGUiOjE4MDAwMDAwMDAwMDAsInJlYWQiOjMwMDAwMDAwMDAwMCwidXBkYXRlIjoxODAwMDAwMDAwMDAwfX0=",
          "dependencies": [
            "azurerm_resource_group.app_grp",
            "azurerm_subnet.SubnetA",
            "azurerm_virtual_network.app_network"
          ]
        }
      ]
    },
    {
      "mode": "managed",
      "type": "azurerm_network_security_group",
      "name": "app_nsg",
      "provider": "provider[\"registry.terraform.io/hashicorp/azurerm\"]",
      "instances": [
        {
          "schema_version": 0,
          "attributes": {
            "id": "/subscriptions/9ca13539-bff8-42c2-bad9-106ee8827ff4/resourceGroups/enbv/providers/Microsoft.Network/networkSecurityGroups/app-nsg_enbv",
            "location": "northeurope",
            "name": "app-nsg_enbv",
            "resource_group_name": "enbv",
            "security_rule": [
              {
                "access": "Allow",
                "description": "",
                "destination_address_prefix": "*",
                "destination_address_prefixes": [],
                "destination_application_security_group_ids": [],
                "destination_port_range": "80",
                "destination_port_ranges": [],
                "direction": "Inbound",
                "name": "Allow_HTTP",
                "priority": 200,
                "protocol": "Tcp",
                "source_address_prefix": "*",
                "source_address_prefixes": [],
                "source_application_security_group_ids": [],
                "source_port_range": "*",
                "source_port_ranges": []
              }
            ],
            "tags": {},
            "timeouts": null
          },
          "sensitive_attributes": [],
          "private": "eyJlMmJmYjczMC1lY2FhLTExZTYtOGY4OC0zNDM2M2JjN2M0YzAiOnsiY3JlYXRlIjoxODAwMDAwMDAwMDAwLCJkZWxldGUiOjE4MDAwMDAwMDAwMDAsInJlYWQiOjMwMDAwMDAwMDAwMCwidXBkYXRlIjoxODAwMDAwMDAwMDAwfX0=",
          "dependencies": [
            "azurerm_resource_group.app_grp"
          ]
        }
      ]
    },
    {
      "mode": "managed",
      "type": "azurerm_public_ip",
      "name": "load_ip",
      "provider": "provider[\"registry.terraform.io/hashicorp/azurerm\"]",
      "instances": [
        {
          "schema_version": 0,
          "attributes": {
            "allocation_method": "Static",
            "availability_zone": "Zone-Redundant",
            "domain_name_label": null,
            "fqdn": null,
            "id": "/subscriptions/9ca13539-bff8-42c2-bad9-106ee8827ff4/resourceGroups/enbv/providers/Microsoft.Network/publicIPAddresses/load-ip",
            "idle_timeout_in_minutes": 4,
            "ip_address": "20.223.18.199",
            "ip_tags": {},
            "ip_version": "IPv4",
            "location": "northeurope",
            "name": "load-ip",
            "public_ip_prefix_id": null,
            "resource_group_name": "enbv",
            "reverse_fqdn": null,
            "sku": "Standard",
            "sku_tier": "Regional",
            "tags": {},
            "timeouts": null,
            "zones": []
          },
          "sensitive_attributes": [],
          "private": "eyJlMmJmYjczMC1lY2FhLTExZTYtOGY4OC0zNDM2M2JjN2M0YzAiOnsiY3JlYXRlIjoxODAwMDAwMDAwMDAwLCJkZWxldGUiOjE4MDAwMDAwMDAwMDAsInJlYWQiOjMwMDAwMDAwMDAwMCwidXBkYXRlIjoxODAwMDAwMDAwMDAwfX0=",
          "dependencies": [
            "azurerm_resource_group.app_grp"
          ]
        }
      ]
    },
    {
      "mode": "managed",
      "type": "azurerm_resource_group",
      "name": "app_grp",
      "provider": "provider[\"registry.terraform.io/hashicorp/azurerm\"]",
      "instances": [
        {
          "schema_version": 0,
          "attributes": {
            "id": "/subscriptions/9ca13539-bff8-42c2-bad9-106ee8827ff4/resourceGroups/enbv",
            "location": "northeurope",
            "name": "enbv",
            "tags": {},
            "timeouts": null
          },
          "sensitive_attributes": [],
          "private": "eyJlMmJmYjczMC1lY2FhLTExZTYtOGY4OC0zNDM2M2JjN2M0YzAiOnsiY3JlYXRlIjo1NDAwMDAwMDAwMDAwLCJkZWxldGUiOjU0MDAwMDAwMDAwMDAsInJlYWQiOjMwMDAwMDAwMDAwMCwidXBkYXRlIjo1NDAwMDAwMDAwMDAwfX0="
        }
      ]
    },
    {
      "mode": "managed",
      "type": "azurerm_storage_account",
      "name": "appstore",
      "provider": "provider[\"registry.terraform.io/hashicorp/azurerm\"]",
      "instances": [
        {
          "schema_version": 2,
          "attributes": {
            "access_tier": "Hot",
            "account_kind": "StorageV2",
            "account_replication_type": "LRS",
            "account_tier": "Standard",
            "allow_blob_public_access": true,
            "azure_files_authentication": [],
            "blob_properties": [
              {
                "change_feed_enabled": false,
                "container_delete_retention_policy": [],
                "cors_rule": [],
                "default_service_version": "",
                "delete_retention_policy": [],
                "last_access_time_enabled": false,
                "versioning_enabled": false
              }
            ],
            "custom_domain": [],
            "enable_https_traffic_only": true,
            "id": "/subscriptions/9ca13539-bff8-42c2-bad9-106ee8827ff4/resourceGroups/enbv/providers/Microsoft.Storage/storageAccounts/storageaccountsevranenbv",
            "identity": [],
            "infrastructure_encryption_enabled": false,
            "is_hns_enabled": false,
            "large_file_share_enabled": null,
            "location": "northeurope",
            "min_tls_version": "TLS1_0",
            "name": "storageaccountsevranenbv",
            "network_rules": [
              {
                "bypass": [
                  "AzureServices"
                ],
                "default_action": "Allow",
                "ip_rules": [],
                "private_link_access": [],
                "virtual_network_subnet_ids": []
              }
            ],
            "nfsv3_enabled": false,
            "primary_access_key": "2mSqZTzbxX7OZKqizaLhUXnZCTUb2yrcvisuGU8L6ZSfAzh7460/ApvFGFvXHv075cpIoULE7AoO+ASton885w==",
            "primary_blob_connection_string": "DefaultEndpointsProtocol=https;BlobEndpoint=https://storageaccountsevranenbv.blob.core.windows.net/;AccountName=storageaccountsevranenbv;AccountKey=2mSqZTzbxX7OZKqizaLhUXnZCTUb2yrcvisuGU8L6ZSfAzh7460/ApvFGFvXHv075cpIoULE7AoO+ASton885w==",
            "primary_blob_endpoint": "https://storageaccountsevranenbv.blob.core.windows.net/",
            "primary_blob_host": "storageaccountsevranenbv.blob.core.windows.net",
            "primary_connection_string": "DefaultEndpointsProtocol=https;AccountName=storageaccountsevranenbv;AccountKey=2mSqZTzbxX7OZKqizaLhUXnZCTUb2yrcvisuGU8L6ZSfAzh7460/ApvFGFvXHv075cpIoULE7AoO+ASton885w==;EndpointSuffix=core.windows.net",
            "primary_dfs_endpoint": "https://storageaccountsevranenbv.dfs.core.windows.net/",
            "primary_dfs_host": "storageaccountsevranenbv.dfs.core.windows.net",
            "primary_file_endpoint": "https://storageaccountsevranenbv.file.core.windows.net/",
            "primary_file_host": "storageaccountsevranenbv.file.core.windows.net",
            "primary_location": "northeurope",
            "primary_queue_endpoint": "https://storageaccountsevranenbv.queue.core.windows.net/",
            "primary_queue_host": "storageaccountsevranenbv.queue.core.windows.net",
            "primary_table_endpoint": "https://storageaccountsevranenbv.table.core.windows.net/",
            "primary_table_host": "storageaccountsevranenbv.table.core.windows.net",
            "primary_web_endpoint": "https://storageaccountsevranenbv.z16.web.core.windows.net/",
            "primary_web_host": "storageaccountsevranenbv.z16.web.core.windows.net",
            "queue_encryption_key_type": "Service",
            "queue_properties": [
              {
                "cors_rule": [],
                "hour_metrics": [
                  {
                    "enabled": true,
                    "include_apis": true,
                    "retention_policy_days": 7,
                    "version": "1.0"
                  }
                ],
                "logging": [
                  {
                    "delete": false,
                    "read": false,
                    "retention_policy_days": 0,
                    "version": "1.0",
                    "write": false
                  }
                ],
                "minute_metrics": [
                  {
                    "enabled": false,
                    "include_apis": false,
                    "retention_policy_days": 0,
                    "version": "1.0"
                  }
                ]
              }
            ],
            "resource_group_name": "enbv",
            "routing": [],
            "secondary_access_key": "Kpi+Fi5pbsOioYDCUjQkChX9yMLIFq6r4uDH3GDqHTmly+hUCgOW7awdhpXCrA0TWLx2hO6F8lhs+AStIrZJdA==",
            "secondary_blob_connection_string": "",
            "secondary_blob_endpoint": null,
            "secondary_blob_host": null,
            "secondary_connection_string": "DefaultEndpointsProtocol=https;AccountName=storageaccountsevranenbv;AccountKey=Kpi+Fi5pbsOioYDCUjQkChX9yMLIFq6r4uDH3GDqHTmly+hUCgOW7awdhpXCrA0TWLx2hO6F8lhs+AStIrZJdA==;EndpointSuffix=core.windows.net",
            "secondary_dfs_endpoint": null,
            "secondary_dfs_host": null,
            "secondary_file_endpoint": null,
            "secondary_file_host": null,
            "secondary_location": "",
            "secondary_queue_endpoint": null,
            "secondary_queue_host": null,
            "secondary_table_endpoint": null,
            "secondary_table_host": null,
            "secondary_web_endpoint": null,
            "secondary_web_host": null,
            "share_properties": [
              {
                "cors_rule": [],
                "retention_policy": [
                  {
                    "days": 7
                  }
                ],
                "smb": []
              }
            ],
            "shared_access_key_enabled": true,
            "static_website": [],
            "table_encryption_key_type": "Service",
            "tags": {},
            "timeouts": null
          },
          "sensitive_attributes": [],
          "private": "eyJlMmJmYjczMC1lY2FhLTExZTYtOGY4OC0zNDM2M2JjN2M0YzAiOnsiY3JlYXRlIjozNjAwMDAwMDAwMDAwLCJkZWxldGUiOjM2MDAwMDAwMDAwMDAsInJlYWQiOjMwMDAwMDAwMDAwMCwidXBkYXRlIjozNjAwMDAwMDAwMDAwfSwic2NoZW1hX3ZlcnNpb24iOiIyIn0=",
          "dependencies": [
            "azurerm_resource_group.app_grp"
          ]
        }
      ]
    },
    {
      "mode": "managed",
      "type": "azurerm_storage_blob",
      "name": "IIS_config",
      "provider": "provider[\"registry.terraform.io/hashicorp/azurerm\"]",
      "instances": [
        {
          "schema_version": 1,
          "attributes": {
            "access_tier": "Hot",
            "cache_control": "",
            "content_md5": "",
            "content_type": "application/octet-stream",
            "id": "https://storageaccountsevranenbv.blob.core.windows.net/data/IIS_Config.ps1",
            "metadata": {},
            "name": "IIS_Config.ps1",
            "parallelism": 8,
            "size": 0,
            "source": "IIS_Config.ps1",
            "source_content": null,
            "source_uri": null,
            "storage_account_name": "storageaccountsevranenbv",
            "storage_container_name": "data",
            "timeouts": null,
            "type": "Block",
            "url": "https://storageaccountsevranenbv.blob.core.windows.net/data/IIS_Config.ps1"
          },
          "sensitive_attributes": [],
          "private": "eyJlMmJmYjczMC1lY2FhLTExZTYtOGY4OC0zNDM2M2JjN2M0YzAiOnsiY3JlYXRlIjoxODAwMDAwMDAwMDAwLCJkZWxldGUiOjE4MDAwMDAwMDAwMDAsInJlYWQiOjMwMDAwMDAwMDAwMCwidXBkYXRlIjoxODAwMDAwMDAwMDAwfSwic2NoZW1hX3ZlcnNpb24iOiIxIn0=",
          "dependencies": [
            "azurerm_storage_account.appstore",
            "azurerm_storage_container.data"
          ]
        }
      ]
    },
    {
      "mode": "managed",
      "type": "azurerm_storage_container",
      "name": "data",
      "provider": "provider[\"registry.terraform.io/hashicorp/azurerm\"]",
      "instances": [
        {
          "schema_version": 1,
          "attributes": {
            "container_access_type": "blob",
            "has_immutability_policy": false,
            "has_legal_hold": false,
            "id": "https://storageaccountsevranenbv.blob.core.windows.net/data",
            "metadata": {},
            "name": "data",
            "resource_manager_id": "/subscriptions/9ca13539-bff8-42c2-bad9-106ee8827ff4/resourceGroups/enbv/providers/Microsoft.Storage/storageAccounts/storageaccountsevranenbv/blobServices/default/containers/data",
            "storage_account_name": "storageaccountsevranenbv",
            "timeouts": null
          },
          "sensitive_attributes": [],
          "private": "eyJlMmJmYjczMC1lY2FhLTExZTYtOGY4OC0zNDM2M2JjN2M0YzAiOnsiY3JlYXRlIjoxODAwMDAwMDAwMDAwLCJkZWxldGUiOjE4MDAwMDAwMDAwMDAsInJlYWQiOjMwMDAwMDAwMDAwMCwidXBkYXRlIjoxODAwMDAwMDAwMDAwfSwic2NoZW1hX3ZlcnNpb24iOiIxIn0=",
          "dependencies": [
            "azurerm_storage_account.appstore"
          ]
        }
      ]
    },
    {
      "mode": "managed",
      "type": "azurerm_subnet",
      "name": "SubnetA",
      "provider": "provider[\"registry.terraform.io/hashicorp/azurerm\"]",
      "instances": [
        {
          "schema_version": 0,
          "attributes": {
            "address_prefix": "10.0.1.0/24",
            "address_prefixes": [
              "10.0.1.0/24"
            ],
            "delegation": [],
            "enforce_private_link_endpoint_network_policies": false,
            "enforce_private_link_service_network_policies": false,
            "id": "/subscriptions/9ca13539-bff8-42c2-bad9-106ee8827ff4/resourceGroups/enbv/providers/Microsoft.Network/virtualNetworks/app_network_enbv/subnets/SubnetA_enbv",
            "name": "SubnetA_enbv",
            "resource_group_name": "enbv",
            "service_endpoint_policy_ids": [],
            "service_endpoints": [],
            "timeouts": null,
            "virtual_network_name": "app_network_enbv"
          },
          "sensitive_attributes": [],
          "private": "eyJlMmJmYjczMC1lY2FhLTExZTYtOGY4OC0zNDM2M2JjN2M0YzAiOnsiY3JlYXRlIjoxODAwMDAwMDAwMDAwLCJkZWxldGUiOjE4MDAwMDAwMDAwMDAsInJlYWQiOjMwMDAwMDAwMDAwMCwidXBkYXRlIjoxODAwMDAwMDAwMDAwfX0=",
          "dependencies": [
            "azurerm_resource_group.app_grp",
            "azurerm_virtual_network.app_network"
          ]
        }
      ]
    },
    {
      "mode": "managed",
      "type": "azurerm_subnet_network_security_group_association",
      "name": "nsg_association",
      "provider": "provider[\"registry.terraform.io/hashicorp/azurerm\"]",
      "instances": [
        {
          "schema_version": 0,
          "attributes": {
            "id": "/subscriptions/9ca13539-bff8-42c2-bad9-106ee8827ff4/resourceGroups/enbv/providers/Microsoft.Network/virtualNetworks/app_network_enbv/subnets/SubnetA_enbv",
            "network_security_group_id": "/subscriptions/9ca13539-bff8-42c2-bad9-106ee8827ff4/resourceGroups/enbv/providers/Microsoft.Network/networkSecurityGroups/app-nsg_enbv",
            "subnet_id": "/subscriptions/9ca13539-bff8-42c2-bad9-106ee8827ff4/resourceGroups/enbv/providers/Microsoft.Network/virtualNetworks/app_network_enbv/subnets/SubnetA_enbv",
            "timeouts": null
          },
          "sensitive_attributes": [],
          "private": "eyJlMmJmYjczMC1lY2FhLTExZTYtOGY4OC0zNDM2M2JjN2M0YzAiOnsiY3JlYXRlIjoxODAwMDAwMDAwMDAwLCJkZWxldGUiOjE4MDAwMDAwMDAwMDAsInJlYWQiOjMwMDAwMDAwMDAwMCwidXBkYXRlIjoxODAwMDAwMDAwMDAwfX0=",
          "dependencies": [
            "azurerm_network_security_group.app_nsg",
            "azurerm_resource_group.app_grp",
            "azurerm_subnet.SubnetA",
            "azurerm_virtual_network.app_network"
          ]
        }
      ]
    },
    {
      "mode": "managed",
      "type": "azurerm_virtual_machine_extension",
      "name": "vm_extension1",
      "provider": "provider[\"registry.terraform.io/hashicorp/azurerm\"]",
      "instances": [
        {
          "schema_version": 0,
          "attributes": {
            "auto_upgrade_minor_version": false,
            "automatic_upgrade_enabled": false,
            "id": "/subscriptions/9ca13539-bff8-42c2-bad9-106ee8827ff4/resourceGroups/enbv/providers/Microsoft.Compute/virtualMachines/appvm1enbv/extensions/appvm-extension",
            "name": "appvm-extension",
            "protected_settings": null,
            "publisher": "Microsoft.Compute",
            "settings": "{\"commandToExecute\":\"powershell -ExecutionPolicy Unrestricted -file IIS_Config.ps1\",\"fileUris\":[\"https://storageaccountsevranenbv.blob.core.windows.net/data/IIS_Config.ps1\"]}",
            "tags": null,
            "timeouts": null,
            "type": "CustomScriptExtension",
            "type_handler_version": "1.10",
            "virtual_machine_id": "/subscriptions/9ca13539-bff8-42c2-bad9-106ee8827ff4/resourceGroups/enbv/providers/Microsoft.Compute/virtualMachines/appvm1enbv"
          },
          "sensitive_attributes": [],
          "private": "eyJlMmJmYjczMC1lY2FhLTExZTYtOGY4OC0zNDM2M2JjN2M0YzAiOnsiY3JlYXRlIjoxODAwMDAwMDAwMDAwLCJkZWxldGUiOjE4MDAwMDAwMDAwMDAsInJlYWQiOjMwMDAwMDAwMDAwMCwidXBkYXRlIjoxODAwMDAwMDAwMDAwfX0=",
          "dependencies": [
            "azurerm_storage_account.appstore",
            "azurerm_storage_blob.IIS_config",
            "azurerm_storage_container.data",
            "azurerm_windows_virtual_machine.app_vm1"
          ]
        }
      ]
    },
    {
      "mode": "managed",
      "type": "azurerm_virtual_machine_extension",
      "name": "vm_extension2",
      "provider": "provider[\"registry.terraform.io/hashicorp/azurerm\"]",
      "instances": [
        {
          "schema_version": 0,
          "attributes": {
            "auto_upgrade_minor_version": false,
            "automatic_upgrade_enabled": false,
            "id": "/subscriptions/9ca13539-bff8-42c2-bad9-106ee8827ff4/resourceGroups/enbv/providers/Microsoft.Compute/virtualMachines/appvm2enbv/extensions/appvm-extension",
            "name": "appvm-extension",
            "protected_settings": null,
            "publisher": "Microsoft.Compute",
            "settings": "{\"commandToExecute\":\"powershell -ExecutionPolicy Unrestricted -file IIS_Config.ps1\",\"fileUris\":[\"https://storageaccountsevranenbv.blob.core.windows.net/data/IIS_Config.ps1\"]}",
            "tags": null,
            "timeouts": null,
            "type": "CustomScriptExtension",
            "type_handler_version": "1.10",
            "virtual_machine_id": "/subscriptions/9ca13539-bff8-42c2-bad9-106ee8827ff4/resourceGroups/enbv/providers/Microsoft.Compute/virtualMachines/appvm2enbv"
          },
          "sensitive_attributes": [],
          "private": "eyJlMmJmYjczMC1lY2FhLTExZTYtOGY4OC0zNDM2M2JjN2M0YzAiOnsiY3JlYXRlIjoxODAwMDAwMDAwMDAwLCJkZWxldGUiOjE4MDAwMDAwMDAwMDAsInJlYWQiOjMwMDAwMDAwMDAwMCwidXBkYXRlIjoxODAwMDAwMDAwMDAwfX0=",
          "dependencies": [
            "azurerm_storage_account.appstore",
            "azurerm_storage_blob.IIS_config",
            "azurerm_storage_container.data",
            "azurerm_windows_virtual_machine.app_vm2"
          ]
        }
      ]
    },
    {
      "mode": "managed",
      "type": "azurerm_virtual_network",
      "name": "app_network",
      "provider": "provider[\"registry.terraform.io/hashicorp/azurerm\"]",
      "instances": [
        {
          "schema_version": 0,
          "attributes": {
            "address_space": [
              "10.0.0.0/16"
            ],
            "bgp_community": "",
            "ddos_protection_plan": [],
            "dns_servers": [],
            "flow_timeout_in_minutes": 0,
            "guid": "0d364fbf-a243-46ae-a57e-53132bd8e39d",
            "id": "/subscriptions/9ca13539-bff8-42c2-bad9-106ee8827ff4/resourceGroups/enbv/providers/Microsoft.Network/virtualNetworks/app_network_enbv",
            "location": "northeurope",
            "name": "app_network_enbv",
            "resource_group_name": "enbv",
            "subnet": [
              {
                "address_prefix": "10.0.1.0/24",
                "id": "/subscriptions/9ca13539-bff8-42c2-bad9-106ee8827ff4/resourceGroups/enbv/providers/Microsoft.Network/virtualNetworks/app_network_enbv/subnets/SubnetA_enbv",
                "name": "SubnetA_enbv",
                "security_group": "/subscriptions/9ca13539-bff8-42c2-bad9-106ee8827ff4/resourceGroups/enbv/providers/Microsoft.Network/networkSecurityGroups/app-nsg_enbv"
              }
            ],
            "tags": {},
            "timeouts": null,
            "vm_protection_enabled": false
          },
          "sensitive_attributes": [],
          "private": "eyJlMmJmYjczMC1lY2FhLTExZTYtOGY4OC0zNDM2M2JjN2M0YzAiOnsiY3JlYXRlIjoxODAwMDAwMDAwMDAwLCJkZWxldGUiOjE4MDAwMDAwMDAwMDAsInJlYWQiOjMwMDAwMDAwMDAwMCwidXBkYXRlIjoxODAwMDAwMDAwMDAwfX0=",
          "dependencies": [
            "azurerm_resource_group.app_grp"
          ]
        }
      ]
    },
    {
      "mode": "managed",
      "type": "azurerm_windows_virtual_machine",
      "name": "app_vm1",
      "provider": "provider[\"registry.terraform.io/hashicorp/azurerm\"]",
      "instances": [
        {
          "schema_version": 0,
          "attributes": {
            "additional_capabilities": [],
            "additional_unattend_content": [],
            "admin_password": "Azure@123",
            "admin_username": "demousr",
            "allow_extension_operations": true,
            "availability_set_id": "/subscriptions/9ca13539-bff8-42c2-bad9-106ee8827ff4/resourceGroups/enbv/providers/Microsoft.Compute/availabilitySets/APP-SET_ENBV",
            "boot_diagnostics": [],
            "computer_name": "appvm1enbv",
            "custom_data": null,
            "dedicated_host_id": "",
            "enable_automatic_updates": true,
            "encryption_at_host_enabled": false,
            "eviction_policy": "",
            "extensions_time_budget": "PT1H30M",
            "id": "/subscriptions/9ca13539-bff8-42c2-bad9-106ee8827ff4/resourceGroups/enbv/providers/Microsoft.Compute/virtualMachines/appvm1enbv",
            "identity": [],
            "license_type": "",
            "location": "northeurope",
            "max_bid_price": -1,
            "name": "appvm1enbv",
            "network_interface_ids": [
              "/subscriptions/9ca13539-bff8-42c2-bad9-106ee8827ff4/resourceGroups/enbv/providers/Microsoft.Network/networkInterfaces/app-interface1_enbv"
            ],
            "os_disk": [
              {
                "caching": "ReadWrite",
                "diff_disk_settings": [],
                "disk_encryption_set_id": "",
                "disk_size_gb": 127,
                "name": "appvm1enbv_OsDisk_1_bcb5654d0dc443b0938a9e62c8c201cc",
                "storage_account_type": "Standard_LRS",
                "write_accelerator_enabled": false
              }
            ],
            "patch_mode": "AutomaticByOS",
            "plan": [],
            "platform_fault_domain": -1,
            "priority": "Regular",
            "private_ip_address": "10.0.1.5",
            "private_ip_addresses": [
              "10.0.1.5"
            ],
            "provision_vm_agent": true,
            "proximity_placement_group_id": "",
            "public_ip_address": "",
            "public_ip_addresses": [],
            "resource_group_name": "enbv",
            "secret": [],
            "secure_boot_enabled": false,
            "size": "Standard_D2s_v3",
            "source_image_id": "",
            "source_image_reference": [
              {
                "offer": "WindowsServer",
                "publisher": "MicrosoftWindowsServer",
                "sku": "2019-Datacenter",
                "version": "latest"
              }
            ],
            "tags": {},
            "timeouts": null,
            "timezone": "",
            "user_data": "",
            "virtual_machine_id": "9a47fdbd-e351-43f6-b033-95fa19460f92",
            "virtual_machine_scale_set_id": "",
            "vtpm_enabled": false,
            "winrm_listener": [],
            "zone": ""
          },
          "sensitive_attributes": [],
          "private": "eyJlMmJmYjczMC1lY2FhLTExZTYtOGY4OC0zNDM2M2JjN2M0YzAiOnsiY3JlYXRlIjoyNzAwMDAwMDAwMDAwLCJkZWxldGUiOjI3MDAwMDAwMDAwMDAsInJlYWQiOjMwMDAwMDAwMDAwMCwidXBkYXRlIjoyNzAwMDAwMDAwMDAwfX0=",
          "dependencies": [
            "azurerm_availability_set.app_set",
            "azurerm_network_interface.app_interface1",
            "azurerm_resource_group.app_grp",
            "azurerm_subnet.SubnetA",
            "azurerm_virtual_network.app_network"
          ]
        }
      ]
    },
    {
      "mode": "managed",
      "type": "azurerm_windows_virtual_machine",
      "name": "app_vm2",
      "provider": "provider[\"registry.terraform.io/hashicorp/azurerm\"]",
      "instances": [
        {
          "schema_version": 0,
          "attributes": {
            "additional_capabilities": [],
            "additional_unattend_content": [],
            "admin_password": "Azure@123",
            "admin_username": "demousr",
            "allow_extension_operations": true,
            "availability_set_id": "/subscriptions/9ca13539-bff8-42c2-bad9-106ee8827ff4/resourceGroups/enbv/providers/Microsoft.Compute/availabilitySets/APP-SET_ENBV",
            "boot_diagnostics": [],
            "computer_name": "appvm2enbv",
            "custom_data": null,
            "dedicated_host_id": "",
            "enable_automatic_updates": true,
            "encryption_at_host_enabled": false,
            "eviction_policy": "",
            "extensions_time_budget": "PT1H30M",
            "id": "/subscriptions/9ca13539-bff8-42c2-bad9-106ee8827ff4/resourceGroups/enbv/providers/Microsoft.Compute/virtualMachines/appvm2enbv",
            "identity": [],
            "license_type": "",
            "location": "northeurope",
            "max_bid_price": -1,
            "name": "appvm2enbv",
            "network_interface_ids": [
              "/subscriptions/9ca13539-bff8-42c2-bad9-106ee8827ff4/resourceGroups/enbv/providers/Microsoft.Network/networkInterfaces/app-interface2_enbv"
            ],
            "os_disk": [
              {
                "caching": "ReadWrite",
                "diff_disk_settings": [],
                "disk_encryption_set_id": "",
                "disk_size_gb": 127,
                "name": "appvm2enbv_OsDisk_1_867f808a9ea44d13a784ff26f79c5393",
                "storage_account_type": "Standard_LRS",
                "write_accelerator_enabled": false
              }
            ],
            "patch_mode": "AutomaticByOS",
            "plan": [],
            "platform_fault_domain": -1,
            "priority": "Regular",
            "private_ip_address": "10.0.1.4",
            "private_ip_addresses": [
              "10.0.1.4"
            ],
            "provision_vm_agent": true,
            "proximity_placement_group_id": "",
            "public_ip_address": "",
            "public_ip_addresses": [],
            "resource_group_name": "enbv",
            "secret": [],
            "secure_boot_enabled": false,
            "size": "Standard_D2s_v3",
            "source_image_id": "",
            "source_image_reference": [
              {
                "offer": "WindowsServer",
                "publisher": "MicrosoftWindowsServer",
                "sku": "2019-Datacenter",
                "version": "latest"
              }
            ],
            "tags": {},
            "timeouts": null,
            "timezone": "",
            "user_data": "",
            "virtual_machine_id": "039cc2fa-0a61-442b-8f7a-fd02c68a6ebd",
            "virtual_machine_scale_set_id": "",
            "vtpm_enabled": false,
            "winrm_listener": [],
            "zone": ""
          },
          "sensitive_attributes": [],
          "private": "eyJlMmJmYjczMC1lY2FhLTExZTYtOGY4OC0zNDM2M2JjN2M0YzAiOnsiY3JlYXRlIjoyNzAwMDAwMDAwMDAwLCJkZWxldGUiOjI3MDAwMDAwMDAwMDAsInJlYWQiOjMwMDAwMDAwMDAwMCwidXBkYXRlIjoyNzAwMDAwMDAwMDAwfX0=",
          "dependencies": [
            "azurerm_availability_set.app_set",
            "azurerm_network_interface.app_interface2",
            "azurerm_resource_group.app_grp",
            "azurerm_subnet.SubnetA",
            "azurerm_virtual_network.app_network"
          ]
        }
      ]
    }
  ],
  "check_results": null
}
